// !$*UTF8*$!
{
	archiveVersion = 1;
	classes = {
	};
	objectVersion = 50;
	objects = {

/* Begin PBXBuildFile section */
		891A5F6420DDDA2900E6FDBA /* AppDelegate.swift in Sources */ = {isa = PBXBuildFile; fileRef = 891A5F6320DDDA2900E6FDBA /* AppDelegate.swift */; };
		891A5F6620DDDA2900E6FDBA /* TodayViewController.swift in Sources */ = {isa = PBXBuildFile; fileRef = 891A5F6520DDDA2900E6FDBA /* TodayViewController.swift */; };
		891A5F6920DDDA2900E6FDBA /* Main.storyboard in Resources */ = {isa = PBXBuildFile; fileRef = 891A5F6720DDDA2900E6FDBA /* Main.storyboard */; };
		891A5F6B20DDDA2A00E6FDBA /* Assets.xcassets in Resources */ = {isa = PBXBuildFile; fileRef = 891A5F6A20DDDA2A00E6FDBA /* Assets.xcassets */; };
		891A5F6E20DDDA2A00E6FDBA /* LaunchScreen.storyboard in Resources */ = {isa = PBXBuildFile; fileRef = 891A5F6C20DDDA2A00E6FDBA /* LaunchScreen.storyboard */; };
		891A5F7920DDDA2A00E6FDBA /* ForecastTests.swift in Sources */ = {isa = PBXBuildFile; fileRef = 891A5F7820DDDA2A00E6FDBA /* ForecastTests.swift */; };
		891A5F8420DDDA2A00E6FDBA /* ForecastUITests.swift in Sources */ = {isa = PBXBuildFile; fileRef = 891A5F8320DDDA2A00E6FDBA /* ForecastUITests.swift */; };
		89BFC3F720DDE1EC00A76F25 /* GoogleService-Info.plist in Resources */ = {isa = PBXBuildFile; fileRef = 89BFC3F620DDE1EC00A76F25 /* GoogleService-Info.plist */; };
		89FAD0D770DC2F0FCCAAFB72 /* Pods_Forecast.framework in Frameworks */ = {isa = PBXBuildFile; fileRef = 49A56F2927A7643EBAB19735 /* Pods_Forecast.framework */; };
		8EFAB5305E48B1D937AD63EA /* Pods_ForecastUITests.framework in Frameworks */ = {isa = PBXBuildFile; fileRef = 9D9B259A995C5571419993CE /* Pods_ForecastUITests.framework */; };
		E6F064C9F92472D09369E58C /* Pods_ForecastTests.framework in Frameworks */ = {isa = PBXBuildFile; fileRef = 0C78B3531B70CC2F6E1F79E1 /* Pods_ForecastTests.framework */; };
/* End PBXBuildFile section */

/* Begin PBXContainerItemProxy section */
		891A5F7520DDDA2A00E6FDBA /* PBXContainerItemProxy */ = {
			isa = PBXContainerItemProxy;
			containerPortal = 891A5F5820DDDA2900E6FDBA /* Project object */;
			proxyType = 1;
			remoteGlobalIDString = 891A5F5F20DDDA2900E6FDBA;
			remoteInfo = Forecast;
		};
		891A5F8020DDDA2A00E6FDBA /* PBXContainerItemProxy */ = {
			isa = PBXContainerItemProxy;
			containerPortal = 891A5F5820DDDA2900E6FDBA /* Project object */;
			proxyType = 1;
			remoteGlobalIDString = 891A5F5F20DDDA2900E6FDBA;
			remoteInfo = Forecast;
		};
/* End PBXContainerItemProxy section */

/* Begin PBXFileReference section */
		07099B2B2E7D500287C78A83 /* Pods-ForecastUITests.debug.xcconfig */ = {isa = PBXFileReference; includeInIndex = 1; lastKnownFileType = text.xcconfig; name = "Pods-ForecastUITests.debug.xcconfig"; path = "Pods/Target Support Files/Pods-ForecastUITests/Pods-ForecastUITests.debug.xcconfig"; sourceTree = "<group>"; };
		0C78B3531B70CC2F6E1F79E1 /* Pods_ForecastTests.framework */ = {isa = PBXFileReference; explicitFileType = wrapper.framework; includeInIndex = 0; path = Pods_ForecastTests.framework; sourceTree = BUILT_PRODUCTS_DIR; };
		49A56F2927A7643EBAB19735 /* Pods_Forecast.framework */ = {isa = PBXFileReference; explicitFileType = wrapper.framework; includeInIndex = 0; path = Pods_Forecast.framework; sourceTree = BUILT_PRODUCTS_DIR; };
		60A93BC4DDD4222F975B5390 /* Pods-ForecastTests.release.xcconfig */ = {isa = PBXFileReference; includeInIndex = 1; lastKnownFileType = text.xcconfig; name = "Pods-ForecastTests.release.xcconfig"; path = "Pods/Target Support Files/Pods-ForecastTests/Pods-ForecastTests.release.xcconfig"; sourceTree = "<group>"; };
		891A5F6020DDDA2900E6FDBA /* Forecast.app */ = {isa = PBXFileReference; explicitFileType = wrapper.application; includeInIndex = 0; path = Forecast.app; sourceTree = BUILT_PRODUCTS_DIR; };
		891A5F6320DDDA2900E6FDBA /* AppDelegate.swift */ = {isa = PBXFileReference; lastKnownFileType = sourcecode.swift; path = AppDelegate.swift; sourceTree = "<group>"; };
		891A5F6520DDDA2900E6FDBA /* TodayViewController.swift */ = {isa = PBXFileReference; lastKnownFileType = sourcecode.swift; path = TodayViewController.swift; sourceTree = "<group>"; };
		891A5F6820DDDA2900E6FDBA /* Base */ = {isa = PBXFileReference; lastKnownFileType = file.storyboard; name = Base; path = Base.lproj/Main.storyboard; sourceTree = "<group>"; };
		891A5F6A20DDDA2A00E6FDBA /* Assets.xcassets */ = {isa = PBXFileReference; lastKnownFileType = folder.assetcatalog; path = Assets.xcassets; sourceTree = "<group>"; };
		891A5F6D20DDDA2A00E6FDBA /* Base */ = {isa = PBXFileReference; lastKnownFileType = file.storyboard; name = Base; path = Base.lproj/LaunchScreen.storyboard; sourceTree = "<group>"; };
		891A5F6F20DDDA2A00E6FDBA /* Info.plist */ = {isa = PBXFileReference; lastKnownFileType = text.plist.xml; path = Info.plist; sourceTree = "<group>"; };
		891A5F7420DDDA2A00E6FDBA /* ForecastTests.xctest */ = {isa = PBXFileReference; explicitFileType = wrapper.cfbundle; includeInIndex = 0; path = ForecastTests.xctest; sourceTree = BUILT_PRODUCTS_DIR; };
		891A5F7820DDDA2A00E6FDBA /* ForecastTests.swift */ = {isa = PBXFileReference; lastKnownFileType = sourcecode.swift; path = ForecastTests.swift; sourceTree = "<group>"; };
		891A5F7A20DDDA2A00E6FDBA /* Info.plist */ = {isa = PBXFileReference; lastKnownFileType = text.plist.xml; path = Info.plist; sourceTree = "<group>"; };
		891A5F7F20DDDA2A00E6FDBA /* ForecastUITests.xctest */ = {isa = PBXFileReference; explicitFileType = wrapper.cfbundle; includeInIndex = 0; path = ForecastUITests.xctest; sourceTree = BUILT_PRODUCTS_DIR; };
		891A5F8320DDDA2A00E6FDBA /* ForecastUITests.swift */ = {isa = PBXFileReference; lastKnownFileType = sourcecode.swift; path = ForecastUITests.swift; sourceTree = "<group>"; };
		891A5F8520DDDA2B00E6FDBA /* Info.plist */ = {isa = PBXFileReference; lastKnownFileType = text.plist.xml; path = Info.plist; sourceTree = "<group>"; };
		89BFC3F620DDE1EC00A76F25 /* GoogleService-Info.plist */ = {isa = PBXFileReference; fileEncoding = 4; lastKnownFileType = text.plist.xml; path = "GoogleService-Info.plist"; sourceTree = "<group>"; };
		9D9B259A995C5571419993CE /* Pods_ForecastUITests.framework */ = {isa = PBXFileReference; explicitFileType = wrapper.framework; includeInIndex = 0; path = Pods_ForecastUITests.framework; sourceTree = BUILT_PRODUCTS_DIR; };
		AF0D14A44409256A4172AAED /* Pods-Forecast.debug.xcconfig */ = {isa = PBXFileReference; includeInIndex = 1; lastKnownFileType = text.xcconfig; name = "Pods-Forecast.debug.xcconfig"; path = "Pods/Target Support Files/Pods-Forecast/Pods-Forecast.debug.xcconfig"; sourceTree = "<group>"; };
		B2AB7903BE4B784CDBC04DE0 /* Pods-ForecastUITests.release.xcconfig */ = {isa = PBXFileReference; includeInIndex = 1; lastKnownFileType = text.xcconfig; name = "Pods-ForecastUITests.release.xcconfig"; path = "Pods/Target Support Files/Pods-ForecastUITests/Pods-ForecastUITests.release.xcconfig"; sourceTree = "<group>"; };
		D609370F97B14AD97EC33B83 /* Pods-ForecastTests.debug.xcconfig */ = {isa = PBXFileReference; includeInIndex = 1; lastKnownFileType = text.xcconfig; name = "Pods-ForecastTests.debug.xcconfig"; path = "Pods/Target Support Files/Pods-ForecastTests/Pods-ForecastTests.debug.xcconfig"; sourceTree = "<group>"; };
		F88DB53F71E591C2064F38B4 /* Pods-Forecast.release.xcconfig */ = {isa = PBXFileReference; includeInIndex = 1; lastKnownFileType = text.xcconfig; name = "Pods-Forecast.release.xcconfig"; path = "Pods/Target Support Files/Pods-Forecast/Pods-Forecast.release.xcconfig"; sourceTree = "<group>"; };
/* End PBXFileReference section */

/* Begin PBXFrameworksBuildPhase section */
		891A5F5D20DDDA2900E6FDBA /* Frameworks */ = {
			isa = PBXFrameworksBuildPhase;
			buildActionMask = 2147483647;
			files = (
				89FAD0D770DC2F0FCCAAFB72 /* Pods_Forecast.framework in Frameworks */,
			);
			runOnlyForDeploymentPostprocessing = 0;
		};
		891A5F7120DDDA2A00E6FDBA /* Frameworks */ = {
			isa = PBXFrameworksBuildPhase;
			buildActionMask = 2147483647;
			files = (
				E6F064C9F92472D09369E58C /* Pods_ForecastTests.framework in Frameworks */,
			);
			runOnlyForDeploymentPostprocessing = 0;
		};
		891A5F7C20DDDA2A00E6FDBA /* Frameworks */ = {
			isa = PBXFrameworksBuildPhase;
			buildActionMask = 2147483647;
			files = (
				8EFAB5305E48B1D937AD63EA /* Pods_ForecastUITests.framework in Frameworks */,
			);
			runOnlyForDeploymentPostprocessing = 0;
		};
/* End PBXFrameworksBuildPhase section */

/* Begin PBXGroup section */
		39362C0A60509AC3C97A9D8B /* Pods */ = {
			isa = PBXGroup;
			children = (
				AF0D14A44409256A4172AAED /* Pods-Forecast.debug.xcconfig */,
				F88DB53F71E591C2064F38B4 /* Pods-Forecast.release.xcconfig */,
				D609370F97B14AD97EC33B83 /* Pods-ForecastTests.debug.xcconfig */,
				60A93BC4DDD4222F975B5390 /* Pods-ForecastTests.release.xcconfig */,
				07099B2B2E7D500287C78A83 /* Pods-ForecastUITests.debug.xcconfig */,
				B2AB7903BE4B784CDBC04DE0 /* Pods-ForecastUITests.release.xcconfig */,
			);
			name = Pods;
			sourceTree = "<group>";
		};
		891A5F5720DDDA2900E6FDBA = {
			isa = PBXGroup;
			children = (
				891A5F6220DDDA2900E6FDBA /* Forecast */,
				891A5F7720DDDA2A00E6FDBA /* ForecastTests */,
				891A5F8220DDDA2A00E6FDBA /* ForecastUITests */,
				891A5F6120DDDA2900E6FDBA /* Products */,
				39362C0A60509AC3C97A9D8B /* Pods */,
				9F75A3C665E87E30D4DEFB6E /* Frameworks */,
			);
			sourceTree = "<group>";
		};
		891A5F6120DDDA2900E6FDBA /* Products */ = {
			isa = PBXGroup;
			children = (
				891A5F6020DDDA2900E6FDBA /* Forecast.app */,
				891A5F7420DDDA2A00E6FDBA /* ForecastTests.xctest */,
				891A5F7F20DDDA2A00E6FDBA /* ForecastUITests.xctest */,
			);
			name = Products;
			sourceTree = "<group>";
		};
		891A5F6220DDDA2900E6FDBA /* Forecast */ = {
			isa = PBXGroup;
			children = (
				891A5F6320DDDA2900E6FDBA /* AppDelegate.swift */,
				89BFC3F020DDE07100A76F25 /* Controllers */,
				89BFC3F120DDE08800A76F25 /* Models */,
				89BFC3F220DDE08C00A76F25 /* Resources */,
			);
			path = Forecast;
			sourceTree = "<group>";
		};
		891A5F7720DDDA2A00E6FDBA /* ForecastTests */ = {
			isa = PBXGroup;
			children = (
				891A5F7820DDDA2A00E6FDBA /* ForecastTests.swift */,
				891A5F7A20DDDA2A00E6FDBA /* Info.plist */,
			);
			path = ForecastTests;
			sourceTree = "<group>";
		};
		891A5F8220DDDA2A00E6FDBA /* ForecastUITests */ = {
			isa = PBXGroup;
			children = (
				891A5F8320DDDA2A00E6FDBA /* ForecastUITests.swift */,
				891A5F8520DDDA2B00E6FDBA /* Info.plist */,
			);
			path = ForecastUITests;
			sourceTree = "<group>";
		};
		89BFC3F020DDE07100A76F25 /* Controllers */ = {
			isa = PBXGroup;
			children = (
				891A5F6520DDDA2900E6FDBA /* TodayViewController.swift */,
			);
			path = Controllers;
			sourceTree = "<group>";
		};
		89BFC3F120DDE08800A76F25 /* Models */ = {
			isa = PBXGroup;
			children = (
			);
			path = Models;
			sourceTree = "<group>";
		};
		89BFC3F220DDE08C00A76F25 /* Resources */ = {
			isa = PBXGroup;
			children = (
				891A5F6A20DDDA2A00E6FDBA /* Assets.xcassets */,
				89BFC3F420DDE0A200A76F25 /* Fonts */,
				89BFC3F620DDE1EC00A76F25 /* GoogleService-Info.plist */,
				891A5F6F20DDDA2A00E6FDBA /* Info.plist */,
				89BFC3F320DDE09900A76F25 /* Storyboards */,
			);
			path = Resources;
			sourceTree = "<group>";
		};
		89BFC3F320DDE09900A76F25 /* Storyboards */ = {
			isa = PBXGroup;
			children = (
				891A5F6C20DDDA2A00E6FDBA /* LaunchScreen.storyboard */,
				891A5F6720DDDA2900E6FDBA /* Main.storyboard */,
			);
			path = Storyboards;
			sourceTree = "<group>";
		};
		89BFC3F420DDE0A200A76F25 /* Fonts */ = {
			isa = PBXGroup;
			children = (
			);
			path = Fonts;
			sourceTree = "<group>";
		};
		9F75A3C665E87E30D4DEFB6E /* Frameworks */ = {
			isa = PBXGroup;
			children = (
				49A56F2927A7643EBAB19735 /* Pods_Forecast.framework */,
				0C78B3531B70CC2F6E1F79E1 /* Pods_ForecastTests.framework */,
				9D9B259A995C5571419993CE /* Pods_ForecastUITests.framework */,
			);
			name = Frameworks;
			sourceTree = "<group>";
		};
/* End PBXGroup section */

/* Begin PBXNativeTarget section */
		891A5F5F20DDDA2900E6FDBA /* Forecast */ = {
			isa = PBXNativeTarget;
			buildConfigurationList = 891A5F8820DDDA2B00E6FDBA /* Build configuration list for PBXNativeTarget "Forecast" */;
			buildPhases = (
				EE19C9B5599387181E0AA378 /* [CP] Check Pods Manifest.lock */,
				891A5F5C20DDDA2900E6FDBA /* Sources */,
				891A5F5D20DDDA2900E6FDBA /* Frameworks */,
				891A5F5E20DDDA2900E6FDBA /* Resources */,
				5F742FA6E323D3252709F146 /* [CP] Embed Pods Frameworks */,
			);
			buildRules = (
			);
			dependencies = (
			);
			name = Forecast;
			productName = Forecast;
			productReference = 891A5F6020DDDA2900E6FDBA /* Forecast.app */;
			productType = "com.apple.product-type.application";
		};
		891A5F7320DDDA2A00E6FDBA /* ForecastTests */ = {
			isa = PBXNativeTarget;
			buildConfigurationList = 891A5F8B20DDDA2B00E6FDBA /* Build configuration list for PBXNativeTarget "ForecastTests" */;
			buildPhases = (
				B09EC4D375E6B258CAFA3D30 /* [CP] Check Pods Manifest.lock */,
				891A5F7020DDDA2A00E6FDBA /* Sources */,
				891A5F7120DDDA2A00E6FDBA /* Frameworks */,
				891A5F7220DDDA2A00E6FDBA /* Resources */,
			);
			buildRules = (
			);
			dependencies = (
				891A5F7620DDDA2A00E6FDBA /* PBXTargetDependency */,
			);
			name = ForecastTests;
			productName = ForecastTests;
			productReference = 891A5F7420DDDA2A00E6FDBA /* ForecastTests.xctest */;
			productType = "com.apple.product-type.bundle.unit-test";
		};
		891A5F7E20DDDA2A00E6FDBA /* ForecastUITests */ = {
			isa = PBXNativeTarget;
			buildConfigurationList = 891A5F8E20DDDA2B00E6FDBA /* Build configuration list for PBXNativeTarget "ForecastUITests" */;
			buildPhases = (
				0E6AF3E3AC29A66A313AFDB3 /* [CP] Check Pods Manifest.lock */,
				891A5F7B20DDDA2A00E6FDBA /* Sources */,
				891A5F7C20DDDA2A00E6FDBA /* Frameworks */,
				891A5F7D20DDDA2A00E6FDBA /* Resources */,
			);
			buildRules = (
			);
			dependencies = (
				891A5F8120DDDA2A00E6FDBA /* PBXTargetDependency */,
			);
			name = ForecastUITests;
			productName = ForecastUITests;
			productReference = 891A5F7F20DDDA2A00E6FDBA /* ForecastUITests.xctest */;
			productType = "com.apple.product-type.bundle.ui-testing";
		};
/* End PBXNativeTarget section */

/* Begin PBXProject section */
		891A5F5820DDDA2900E6FDBA /* Project object */ = {
			isa = PBXProject;
			attributes = {
				LastSwiftUpdateCheck = 1000;
				LastUpgradeCheck = 1000;
				ORGANIZATIONNAME = "Howard Edwards";
				TargetAttributes = {
					891A5F5F20DDDA2900E6FDBA = {
						CreatedOnToolsVersion = 10.0;
					};
					891A5F7320DDDA2A00E6FDBA = {
						CreatedOnToolsVersion = 10.0;
						TestTargetID = 891A5F5F20DDDA2900E6FDBA;
					};
					891A5F7E20DDDA2A00E6FDBA = {
						CreatedOnToolsVersion = 10.0;
						TestTargetID = 891A5F5F20DDDA2900E6FDBA;
					};
				};
			};
			buildConfigurationList = 891A5F5B20DDDA2900E6FDBA /* Build configuration list for PBXProject "Forecast" */;
			compatibilityVersion = "Xcode 9.3";
			developmentRegion = en;
			hasScannedForEncodings = 0;
			knownRegions = (
				en,
				Base,
			);
			mainGroup = 891A5F5720DDDA2900E6FDBA;
			productRefGroup = 891A5F6120DDDA2900E6FDBA /* Products */;
			projectDirPath = "";
			projectRoot = "";
			targets = (
				891A5F5F20DDDA2900E6FDBA /* Forecast */,
				891A5F7320DDDA2A00E6FDBA /* ForecastTests */,
				891A5F7E20DDDA2A00E6FDBA /* ForecastUITests */,
			);
		};
/* End PBXProject section */

/* Begin PBXResourcesBuildPhase section */
		891A5F5E20DDDA2900E6FDBA /* Resources */ = {
			isa = PBXResourcesBuildPhase;
			buildActionMask = 2147483647;
			files = (
				891A5F6E20DDDA2A00E6FDBA /* LaunchScreen.storyboard in Resources */,
				89BFC3F720DDE1EC00A76F25 /* GoogleService-Info.plist in Resources */,
				891A5F6B20DDDA2A00E6FDBA /* Assets.xcassets in Resources */,
				891A5F6920DDDA2900E6FDBA /* Main.storyboard in Resources */,
			);
			runOnlyForDeploymentPostprocessing = 0;
		};
		891A5F7220DDDA2A00E6FDBA /* Resources */ = {
			isa = PBXResourcesBuildPhase;
			buildActionMask = 2147483647;
			files = (
			);
			runOnlyForDeploymentPostprocessing = 0;
		};
		891A5F7D20DDDA2A00E6FDBA /* Resources */ = {
			isa = PBXResourcesBuildPhase;
			buildActionMask = 2147483647;
			files = (
			);
			runOnlyForDeploymentPostprocessing = 0;
		};
/* End PBXResourcesBuildPhase section */

/* Begin PBXShellScriptBuildPhase section */
		0E6AF3E3AC29A66A313AFDB3 /* [CP] Check Pods Manifest.lock */ = {
			isa = PBXShellScriptBuildPhase;
			buildActionMask = 2147483647;
			files = (
			);
			inputPaths = (
				"${PODS_PODFILE_DIR_PATH}/Podfile.lock",
				"${PODS_ROOT}/Manifest.lock",
			);
			name = "[CP] Check Pods Manifest.lock";
			outputPaths = (
				"$(DERIVED_FILE_DIR)/Pods-ForecastUITests-checkManifestLockResult.txt",
			);
			runOnlyForDeploymentPostprocessing = 0;
			shellPath = /bin/sh;
			shellScript = "diff \"${PODS_PODFILE_DIR_PATH}/Podfile.lock\" \"${PODS_ROOT}/Manifest.lock\" > /dev/null\nif [ $? != 0 ] ; then\n    # print error to STDERR\n    echo \"error: The sandbox is not in sync with the Podfile.lock. Run 'pod install' or update your CocoaPods installation.\" >&2\n    exit 1\nfi\n# This output is used by Xcode 'outputs' to avoid re-running this script phase.\necho \"SUCCESS\" > \"${SCRIPT_OUTPUT_FILE_0}\"\n";
			showEnvVarsInLog = 0;
		};
		5F742FA6E323D3252709F146 /* [CP] Embed Pods Frameworks */ = {
			isa = PBXShellScriptBuildPhase;
			buildActionMask = 2147483647;
			files = (
			);
			inputPaths = (
				"${SRCROOT}/Pods/Target Support Files/Pods-Forecast/Pods-Forecast-frameworks.sh",
				"${BUILT_PRODUCTS_DIR}/Alamofire/Alamofire.framework",
				"${BUILT_PRODUCTS_DIR}/BoringSSL/openssl.framework",
				"${BUILT_PRODUCTS_DIR}/GTMSessionFetcher/GTMSessionFetcher.framework",
				"${BUILT_PRODUCTS_DIR}/GoogleToolboxForMac/GoogleToolboxForMac.framework",
				"${BUILT_PRODUCTS_DIR}/Protobuf/Protobuf.framework",
				"${BUILT_PRODUCTS_DIR}/Realm/Realm.framework",
				"${BUILT_PRODUCTS_DIR}/RealmSwift/RealmSwift.framework",
				"${BUILT_PRODUCTS_DIR}/SwiftEventBus/SwiftEventBus.framework",
				"${BUILT_PRODUCTS_DIR}/SwiftyJSON/SwiftyJSON.framework",
				"${BUILT_PRODUCTS_DIR}/gRPC/GRPCClient.framework",
				"${BUILT_PRODUCTS_DIR}/gRPC-Core/grpc.framework",
				"${BUILT_PRODUCTS_DIR}/gRPC-ProtoRPC/ProtoRPC.framework",
				"${BUILT_PRODUCTS_DIR}/gRPC-RxLibrary/RxLibrary.framework",
				"${BUILT_PRODUCTS_DIR}/leveldb-library/leveldb.framework",
				"${BUILT_PRODUCTS_DIR}/nanopb/nanopb.framework",
			);
			name = "[CP] Embed Pods Frameworks";
			outputPaths = (
				"${TARGET_BUILD_DIR}/${FRAMEWORKS_FOLDER_PATH}/Alamofire.framework",
				"${TARGET_BUILD_DIR}/${FRAMEWORKS_FOLDER_PATH}/openssl.framework",
				"${TARGET_BUILD_DIR}/${FRAMEWORKS_FOLDER_PATH}/GTMSessionFetcher.framework",
				"${TARGET_BUILD_DIR}/${FRAMEWORKS_FOLDER_PATH}/GoogleToolboxForMac.framework",
				"${TARGET_BUILD_DIR}/${FRAMEWORKS_FOLDER_PATH}/Protobuf.framework",
				"${TARGET_BUILD_DIR}/${FRAMEWORKS_FOLDER_PATH}/Realm.framework",
				"${TARGET_BUILD_DIR}/${FRAMEWORKS_FOLDER_PATH}/RealmSwift.framework",
				"${TARGET_BUILD_DIR}/${FRAMEWORKS_FOLDER_PATH}/SwiftEventBus.framework",
				"${TARGET_BUILD_DIR}/${FRAMEWORKS_FOLDER_PATH}/SwiftyJSON.framework",
				"${TARGET_BUILD_DIR}/${FRAMEWORKS_FOLDER_PATH}/GRPCClient.framework",
				"${TARGET_BUILD_DIR}/${FRAMEWORKS_FOLDER_PATH}/grpc.framework",
				"${TARGET_BUILD_DIR}/${FRAMEWORKS_FOLDER_PATH}/ProtoRPC.framework",
				"${TARGET_BUILD_DIR}/${FRAMEWORKS_FOLDER_PATH}/RxLibrary.framework",
				"${TARGET_BUILD_DIR}/${FRAMEWORKS_FOLDER_PATH}/leveldb.framework",
				"${TARGET_BUILD_DIR}/${FRAMEWORKS_FOLDER_PATH}/nanopb.framework",
			);
			runOnlyForDeploymentPostprocessing = 0;
			shellPath = /bin/sh;
			shellScript = "\"${SRCROOT}/Pods/Target Support Files/Pods-Forecast/Pods-Forecast-frameworks.sh\"\n";
			showEnvVarsInLog = 0;
		};
		B09EC4D375E6B258CAFA3D30 /* [CP] Check Pods Manifest.lock */ = {
			isa = PBXShellScriptBuildPhase;
			buildActionMask = 2147483647;
			files = (
			);
			inputPaths = (
				"${PODS_PODFILE_DIR_PATH}/Podfile.lock",
				"${PODS_ROOT}/Manifest.lock",
			);
			name = "[CP] Check Pods Manifest.lock";
			outputPaths = (
				"$(DERIVED_FILE_DIR)/Pods-ForecastTests-checkManifestLockResult.txt",
			);
			runOnlyForDeploymentPostprocessing = 0;
			shellPath = /bin/sh;
			shellScript = "diff \"${PODS_PODFILE_DIR_PATH}/Podfile.lock\" \"${PODS_ROOT}/Manifest.lock\" > /dev/null\nif [ $? != 0 ] ; then\n    # print error to STDERR\n    echo \"error: The sandbox is not in sync with the Podfile.lock. Run 'pod install' or update your CocoaPods installation.\" >&2\n    exit 1\nfi\n# This output is used by Xcode 'outputs' to avoid re-running this script phase.\necho \"SUCCESS\" > \"${SCRIPT_OUTPUT_FILE_0}\"\n";
			showEnvVarsInLog = 0;
		};
		EE19C9B5599387181E0AA378 /* [CP] Check Pods Manifest.lock */ = {
			isa = PBXShellScriptBuildPhase;
			buildActionMask = 2147483647;
			files = (
			);
			inputPaths = (
				"${PODS_PODFILE_DIR_PATH}/Podfile.lock",
				"${PODS_ROOT}/Manifest.lock",
			);
			name = "[CP] Check Pods Manifest.lock";
			outputPaths = (
				"$(DERIVED_FILE_DIR)/Pods-Forecast-checkManifestLockResult.txt",
			);
			runOnlyForDeploymentPostprocessing = 0;
			shellPath = /bin/sh;
			shellScript = "diff \"${PODS_PODFILE_DIR_PATH}/Podfile.lock\" \"${PODS_ROOT}/Manifest.lock\" > /dev/null\nif [ $? != 0 ] ; then\n    # print error to STDERR\n    echo \"error: The sandbox is not in sync with the Podfile.lock. Run 'pod install' or update your CocoaPods installation.\" >&2\n    exit 1\nfi\n# This output is used by Xcode 'outputs' to avoid re-running this script phase.\necho \"SUCCESS\" > \"${SCRIPT_OUTPUT_FILE_0}\"\n";
			showEnvVarsInLog = 0;
		};
/* End PBXShellScriptBuildPhase section */

/* Begin PBXSourcesBuildPhase section */
		891A5F5C20DDDA2900E6FDBA /* Sources */ = {
			isa = PBXSourcesBuildPhase;
			buildActionMask = 2147483647;
			files = (
				891A5F6620DDDA2900E6FDBA /* TodayViewController.swift in Sources */,
				891A5F6420DDDA2900E6FDBA /* AppDelegate.swift in Sources */,
			);
			runOnlyForDeploymentPostprocessing = 0;
		};
		891A5F7020DDDA2A00E6FDBA /* Sources */ = {
			isa = PBXSourcesBuildPhase;
			buildActionMask = 2147483647;
			files = (
				891A5F7920DDDA2A00E6FDBA /* ForecastTests.swift in Sources */,
			);
			runOnlyForDeploymentPostprocessing = 0;
		};
		891A5F7B20DDDA2A00E6FDBA /* Sources */ = {
			isa = PBXSourcesBuildPhase;
			buildActionMask = 2147483647;
			files = (
				891A5F8420DDDA2A00E6FDBA /* ForecastUITests.swift in Sources */,
			);
			runOnlyForDeploymentPostprocessing = 0;
		};
/* End PBXSourcesBuildPhase section */

/* Begin PBXTargetDependency section */
		891A5F7620DDDA2A00E6FDBA /* PBXTargetDependency */ = {
			isa = PBXTargetDependency;
			target = 891A5F5F20DDDA2900E6FDBA /* Forecast */;
			targetProxy = 891A5F7520DDDA2A00E6FDBA /* PBXContainerItemProxy */;
		};
		891A5F8120DDDA2A00E6FDBA /* PBXTargetDependency */ = {
			isa = PBXTargetDependency;
			target = 891A5F5F20DDDA2900E6FDBA /* Forecast */;
			targetProxy = 891A5F8020DDDA2A00E6FDBA /* PBXContainerItemProxy */;
		};
/* End PBXTargetDependency section */

/* Begin PBXVariantGroup section */
		891A5F6720DDDA2900E6FDBA /* Main.storyboard */ = {
			isa = PBXVariantGroup;
			children = (
				891A5F6820DDDA2900E6FDBA /* Base */,
			);
			name = Main.storyboard;
			sourceTree = "<group>";
		};
		891A5F6C20DDDA2A00E6FDBA /* LaunchScreen.storyboard */ = {
			isa = PBXVariantGroup;
			children = (
				891A5F6D20DDDA2A00E6FDBA /* Base */,
			);
			name = LaunchScreen.storyboard;
			sourceTree = "<group>";
		};
/* End PBXVariantGroup section */

/* Begin XCBuildConfiguration section */
		891A5F8620DDDA2B00E6FDBA /* Debug */ = {
			isa = XCBuildConfiguration;
			buildSettings = {
				ALWAYS_SEARCH_USER_PATHS = NO;
				CLANG_ANALYZER_NONNULL = YES;
				CLANG_ANALYZER_NUMBER_OBJECT_CONVERSION = YES_AGGRESSIVE;
				CLANG_CXX_LANGUAGE_STANDARD = "gnu++14";
				CLANG_CXX_LIBRARY = "libc++";
				CLANG_ENABLE_MODULES = YES;
				CLANG_ENABLE_OBJC_ARC = YES;
				CLANG_ENABLE_OBJC_WEAK = YES;
				CLANG_WARN_BLOCK_CAPTURE_AUTORELEASING = YES;
				CLANG_WARN_BOOL_CONVERSION = YES;
				CLANG_WARN_COMMA = YES;
				CLANG_WARN_CONSTANT_CONVERSION = YES;
				CLANG_WARN_DEPRECATED_OBJC_IMPLEMENTATIONS = YES;
				CLANG_WARN_DIRECT_OBJC_ISA_USAGE = YES_ERROR;
				CLANG_WARN_DOCUMENTATION_COMMENTS = YES;
				CLANG_WARN_EMPTY_BODY = YES;
				CLANG_WARN_ENUM_CONVERSION = YES;
				CLANG_WARN_INFINITE_RECURSION = YES;
				CLANG_WARN_INT_CONVERSION = YES;
				CLANG_WARN_NON_LITERAL_NULL_CONVERSION = YES;
				CLANG_WARN_OBJC_IMPLICIT_RETAIN_SELF = YES;
				CLANG_WARN_OBJC_LITERAL_CONVERSION = YES;
				CLANG_WARN_OBJC_ROOT_CLASS = YES_ERROR;
				CLANG_WARN_RANGE_LOOP_ANALYSIS = YES;
				CLANG_WARN_STRICT_PROTOTYPES = YES;
				CLANG_WARN_SUSPICIOUS_MOVE = YES;
				CLANG_WARN_UNGUARDED_AVAILABILITY = YES_AGGRESSIVE;
				CLANG_WARN_UNREACHABLE_CODE = YES;
				CLANG_WARN__DUPLICATE_METHOD_MATCH = YES;
				CODE_SIGN_IDENTITY = "iPhone Developer";
				COPY_PHASE_STRIP = NO;
				DEBUG_INFORMATION_FORMAT = dwarf;
				ENABLE_STRICT_OBJC_MSGSEND = YES;
				ENABLE_TESTABILITY = YES;
				GCC_C_LANGUAGE_STANDARD = gnu11;
				GCC_DYNAMIC_NO_PIC = NO;
				GCC_NO_COMMON_BLOCKS = YES;
				GCC_OPTIMIZATION_LEVEL = 0;
				GCC_PREPROCESSOR_DEFINITIONS = (
					"DEBUG=1",
					"$(inherited)",
				);
				GCC_WARN_64_TO_32_BIT_CONVERSION = YES;
				GCC_WARN_ABOUT_RETURN_TYPE = YES_ERROR;
				GCC_WARN_UNDECLARED_SELECTOR = YES;
				GCC_WARN_UNINITIALIZED_AUTOS = YES_AGGRESSIVE;
				GCC_WARN_UNUSED_FUNCTION = YES;
				GCC_WARN_UNUSED_VARIABLE = YES;
				IPHONEOS_DEPLOYMENT_TARGET = 12.0;
				MTL_ENABLE_DEBUG_INFO = INCLUDE_SOURCE;
				ONLY_ACTIVE_ARCH = YES;
				SDKROOT = iphoneos;
				SWIFT_ACTIVE_COMPILATION_CONDITIONS = DEBUG;
				SWIFT_OPTIMIZATION_LEVEL = "-Onone";
			};
			name = Debug;
		};
		891A5F8720DDDA2B00E6FDBA /* Release */ = {
			isa = XCBuildConfiguration;
			buildSettings = {
				ALWAYS_SEARCH_USER_PATHS = NO;
				CLANG_ANALYZER_NONNULL = YES;
				CLANG_ANALYZER_NUMBER_OBJECT_CONVERSION = YES_AGGRESSIVE;
				CLANG_CXX_LANGUAGE_STANDARD = "gnu++14";
				CLANG_CXX_LIBRARY = "libc++";
				CLANG_ENABLE_MODULES = YES;
				CLANG_ENABLE_OBJC_ARC = YES;
				CLANG_ENABLE_OBJC_WEAK = YES;
				CLANG_WARN_BLOCK_CAPTURE_AUTORELEASING = YES;
				CLANG_WARN_BOOL_CONVERSION = YES;
				CLANG_WARN_COMMA = YES;
				CLANG_WARN_CONSTANT_CONVERSION = YES;
				CLANG_WARN_DEPRECATED_OBJC_IMPLEMENTATIONS = YES;
				CLANG_WARN_DIRECT_OBJC_ISA_USAGE = YES_ERROR;
				CLANG_WARN_DOCUMENTATION_COMMENTS = YES;
				CLANG_WARN_EMPTY_BODY = YES;
				CLANG_WARN_ENUM_CONVERSION = YES;
				CLANG_WARN_INFINITE_RECURSION = YES;
				CLANG_WARN_INT_CONVERSION = YES;
				CLANG_WARN_NON_LITERAL_NULL_CONVERSION = YES;
				CLANG_WARN_OBJC_IMPLICIT_RETAIN_SELF = YES;
				CLANG_WARN_OBJC_LITERAL_CONVERSION = YES;
				CLANG_WARN_OBJC_ROOT_CLASS = YES_ERROR;
				CLANG_WARN_RANGE_LOOP_ANALYSIS = YES;
				CLANG_WARN_STRICT_PROTOTYPES = YES;
				CLANG_WARN_SUSPICIOUS_MOVE = YES;
				CLANG_WARN_UNGUARDED_AVAILABILITY = YES_AGGRESSIVE;
				CLANG_WARN_UNREACHABLE_CODE = YES;
				CLANG_WARN__DUPLICATE_METHOD_MATCH = YES;
				CODE_SIGN_IDENTITY = "iPhone Developer";
				COPY_PHASE_STRIP = NO;
				DEBUG_INFORMATION_FORMAT = "dwarf-with-dsym";
				ENABLE_NS_ASSERTIONS = NO;
				ENABLE_STRICT_OBJC_MSGSEND = YES;
				GCC_C_LANGUAGE_STANDARD = gnu11;
				GCC_NO_COMMON_BLOCKS = YES;
				GCC_WARN_64_TO_32_BIT_CONVERSION = YES;
				GCC_WARN_ABOUT_RETURN_TYPE = YES_ERROR;
				GCC_WARN_UNDECLARED_SELECTOR = YES;
				GCC_WARN_UNINITIALIZED_AUTOS = YES_AGGRESSIVE;
				GCC_WARN_UNUSED_FUNCTION = YES;
				GCC_WARN_UNUSED_VARIABLE = YES;
				IPHONEOS_DEPLOYMENT_TARGET = 12.0;
				MTL_ENABLE_DEBUG_INFO = NO;
				SDKROOT = iphoneos;
				SWIFT_COMPILATION_MODE = wholemodule;
				SWIFT_OPTIMIZATION_LEVEL = "-O";
				VALIDATE_PRODUCT = YES;
			};
			name = Release;
		};
		891A5F8920DDDA2B00E6FDBA /* Debug */ = {
			isa = XCBuildConfiguration;
			baseConfigurationReference = AF0D14A44409256A4172AAED /* Pods-Forecast.debug.xcconfig */;
			buildSettings = {
				ASSETCATALOG_COMPILER_APPICON_NAME = AppIcon;
				CODE_SIGN_STYLE = Automatic;
				DEVELOPMENT_TEAM = MY8JKC2SMV;
				INFOPLIST_FILE = "$(SRCROOT)/Forecast/Resources/Info.plist";
				IPHONEOS_DEPLOYMENT_TARGET = 10.0;
				LD_RUNPATH_SEARCH_PATHS = (
					"$(inherited)",
					"@executable_path/Frameworks",
				);
				PRODUCT_BUNDLE_IDENTIFIER = com.heed.Forecast;
				PRODUCT_NAME = "$(TARGET_NAME)";
				SWIFT_VERSION = 4.2;
				TARGETED_DEVICE_FAMILY = "1,2";
			};
			name = Debug;
		};
		891A5F8A20DDDA2B00E6FDBA /* Release */ = {
			isa = XCBuildConfiguration;
			baseConfigurationReference = F88DB53F71E591C2064F38B4 /* Pods-Forecast.release.xcconfig */;
			buildSettings = {
				ASSETCATALOG_COMPILER_APPICON_NAME = AppIcon;
				CODE_SIGN_STYLE = Automatic;
				DEVELOPMENT_TEAM = MY8JKC2SMV;
				INFOPLIST_FILE = "$(SRCROOT)/Forecast/Resources/Info.plist";
				IPHONEOS_DEPLOYMENT_TARGET = 10.0;
				LD_RUNPATH_SEARCH_PATHS = (
					"$(inherited)",
					"@executable_path/Frameworks",
				);
				PRODUCT_BUNDLE_IDENTIFIER = com.heed.Forecast;
				PRODUCT_NAME = "$(TARGET_NAME)";
				SWIFT_VERSION = 4.2;
				TARGETED_DEVICE_FAMILY = "1,2";
			};
			name = Release;
		};
		891A5F8C20DDDA2B00E6FDBA /* Debug */ = {
			isa = XCBuildConfiguration;
			baseConfigurationReference = D609370F97B14AD97EC33B83 /* Pods-ForecastTests.debug.xcconfig */;
			buildSettings = {
				ALWAYS_EMBED_SWIFT_STANDARD_LIBRARIES = YES;
				BUNDLE_LOADER = "$(TEST_HOST)";
				CODE_SIGN_STYLE = Automatic;
				DEVELOPMENT_TEAM = MY8JKC2SMV;
				INFOPLIST_FILE = ForecastTests/Info.plist;
				LD_RUNPATH_SEARCH_PATHS = (
					"$(inherited)",
					"@executable_path/Frameworks",
					"@loader_path/Frameworks",
				);
				PRODUCT_BUNDLE_IDENTIFIER = com.heed.ForecastTests;
				PRODUCT_NAME = "$(TARGET_NAME)";
				SWIFT_VERSION = 4.2;
				TARGETED_DEVICE_FAMILY = "1,2";
				TEST_HOST = "$(BUILT_PRODUCTS_DIR)/Forecast.app/Forecast";
			};
			name = Debug;
		};
		891A5F8D20DDDA2B00E6FDBA /* Release */ = {
			isa = XCBuildConfiguration;
			baseConfigurationReference = 60A93BC4DDD4222F975B5390 /* Pods-ForecastTests.release.xcconfig */;
			buildSettings = {
				ALWAYS_EMBED_SWIFT_STANDARD_LIBRARIES = YES;
				BUNDLE_LOADER = "$(TEST_HOST)";
				CODE_SIGN_STYLE = Automatic;
				DEVELOPMENT_TEAM = MY8JKC2SMV;
				INFOPLIST_FILE = ForecastTests/Info.plist;
				LD_RUNPATH_SEARCH_PATHS = (
					"$(inherited)",
					"@executable_path/Frameworks",
					"@loader_path/Frameworks",
				);
				PRODUCT_BUNDLE_IDENTIFIER = com.heed.ForecastTests;
				PRODUCT_NAME = "$(TARGET_NAME)";
				SWIFT_VERSION = 4.2;
				TARGETED_DEVICE_FAMILY = "1,2";
				TEST_HOST = "$(BUILT_PRODUCTS_DIR)/Forecast.app/Forecast";
			};
			name = Release;
		};
		891A5F8F20DDDA2B00E6FDBA /* Debug */ = {
			isa = XCBuildConfiguration;
			baseConfigurationReference = 07099B2B2E7D500287C78A83 /* Pods-ForecastUITests.debug.xcconfig */;
			buildSettings = {
				ALWAYS_EMBED_SWIFT_STANDARD_LIBRARIES = YES;
				CODE_SIGN_STYLE = Automatic;
				DEVELOPMENT_TEAM = MY8JKC2SMV;
				INFOPLIST_FILE = ForecastUITests/Info.plist;
				LD_RUNPATH_SEARCH_PATHS = (
					"$(inherited)",
					"@executable_path/Frameworks",
					"@loader_path/Frameworks",
				);
				PRODUCT_BUNDLE_IDENTIFIER = com.heed.ForecastUITests;
				PRODUCT_NAME = "$(TARGET_NAME)";
				SWIFT_VERSION = 4.2;
				TARGETED_DEVICE_FAMILY = "1,2";
				TEST_TARGET_NAME = Forecast;
			};
			name = Debug;
		};
		891A5F9020DDDA2B00E6FDBA /* Release */ = {
			isa = XCBuildConfiguration;
			baseConfigurationReference = B2AB7903BE4B784CDBC04DE0 /* Pods-ForecastUITests.release.xcconfig */;
			buildSettings = {
				ALWAYS_EMBED_SWIFT_STANDARD_LIBRARIES = YES;
				CODE_SIGN_STYLE = Automatic;
				DEVELOPMENT_TEAM = MY8JKC2SMV;
				INFOPLIST_FILE = ForecastUITests/Info.plist;
				LD_RUNPATH_SEARCH_PATHS = (
					"$(inherited)",
					"@executable_path/Frameworks",
					"@loader_path/Frameworks",
				);
				PRODUCT_BUNDLE_IDENTIFIER = com.heed.ForecastUITests;
				PRODUCT_NAME = "$(TARGET_NAME)";
				SWIFT_VERSION = 4.2;
				TARGETED_DEVICE_FAMILY = "1,2";
				TEST_TARGET_NAME = Forecast;
			};
			name = Release;
		};
/* End XCBuildConfiguration section */

/* Begin XCConfigurationList section */
		891A5F5B20DDDA2900E6FDBA /* Build configuration list for PBXProject "Forecast" */ = {
			isa = XCConfigurationList;
			buildConfigurations = (
				891A5F8620DDDA2B00E6FDBA /* Debug */,
				891A5F8720DDDA2B00E6FDBA /* Release */,
			);
			defaultConfigurationIsVisible = 0;
			defaultConfigurationName = Release;
		};
		891A5F8820DDDA2B00E6FDBA /* Build configuration list for PBXNativeTarget "Forecast" */ = {
			isa = XCConfigurationList;
			buildConfigurations = (
				891A5F8920DDDA2B00E6FDBA /* Debug */,
				891A5F8A20DDDA2B00E6FDBA /* Release */,
			);
			defaultConfigurationIsVisible = 0;
			defaultConfigurationName = Release;
		};
		891A5F8B20DDDA2B00E6FDBA /* Build configuration list for PBXNativeTarget "ForecastTests" */ = {
			isa = XCConfigurationList;
			buildConfigurations = (
				891A5F8C20DDDA2B00E6FDBA /* Debug */,
				891A5F8D20DDDA2B00E6FDBA /* Release */,
			);
			defaultConfigurationIsVisible = 0;
			defaultConfigurationName = Release;
		};
		891A5F8E20DDDA2B00E6FDBA /* Build configuration list for PBXNativeTarget "ForecastUITests" */ = {
			isa = XCConfigurationList;
			buildConfigurations = (
				891A5F8F20DDDA2B00E6FDBA /* Debug */,
				891A5F9020DDDA2B00E6FDBA /* Release */,
			);
			defaultConfigurationIsVisible = 0;
			defaultConfigurationName = Release;
		};
/* End XCConfigurationList section */
	};
	rootObject = 891A5F5820DDDA2900E6FDBA /* Project object */;
}
